# auto-generated by grc.converter

id: rfid_global_vars
label: global_vars
category: rfid

parameters:
-   id: '...'
    label: '...'
    dtype: '...'

inputs:
-   domain: stream
    dtype: ''

outputs:
-   domain: stream
    dtype: ''

templates:
    imports: import rfid
    make: rfid.global_vars()

file_format: 1
