# auto-generated by grc.converter

id: rfid_reader
label: reader
category: rfid

parameters:
-   id: '...'
    label: '...'
    dtype: '...'

inputs:
-   domain: stream
    dtype: ''

outputs:
-   domain: stream
    dtype: ''

templates:
    imports: import rfid
    make: rfid.reader()

file_format: 1
