id: rfid_tag_decoder
label: Tag Decoder
category: RFID
templates:
  imports: import rfid
  make: rfid.tag_decoder(${sample_rate})
parameters:
- id: sample_rate
  label: Sample Rate
  dtype: int
inputs:
- label: in
  domain: stream
  dtype: complex
outputs:
- label: out
  domain: stream
  dtype: float
- label: out
  domain: stream
  dtype: complex
file_format: 1
