# auto-generated by grc.converter

id: rfid_tag_decoder
label: tag_decoder
category: rfid

parameters:
-   id: '...'
    label: '...'
    dtype: '...'

inputs:
-   domain: stream
    dtype: ''

outputs:
-   domain: stream
    dtype: ''

templates:
    imports: import rfid
    make: rfid.tag_decoder()

file_format: 1
