id: rfid_reader
label: Reader
category: RFID
templates:
  imports: import rfid
  make: rfid.reader(${sample_rate}, ${dac_rate})
parameters:
- id: sample_rate
  label: Sample Rate
  dtype: int
- id: dac_rate
  label: Dac Rate
  dtype: int
inputs:
- label: in
  domain: stream
  dtype: float
outputs:
- label: out
  domain: stream
  dtype: float
file_format: 1
